<Solution>
  <Configurations>
    <Platform Name="Any CPU" />
    <Platform Name="x64" />
    <Platform Name="x86" />
  </Configurations>
  <Folder Name="/src/">
    <Project Path="src/Console1/Console1.csproj" />
    <Project Path="src/Lib1/Lib1.csproj" />
  </Folder>
  <Folder Name="/test/">
    <Project Path="test/Unit/Unit.csproj" />
  </Folder>
</Solution>
